#MicroXplorer Configuration settings - do not modify
Mcu.Family=STM32F1
NVIC.SysTick_IRQn=true\:0\:0\:false\:false\:true\:false\:true
ProjectManager.LastFirmware=true
ProjectManager.MainLocation=Core/Src
ProjectManager.FirmwarePackage=STM32Cube FW_F1 V1.8.3
MxDb.Version=DB.6.0.10
ProjectManager.ProjectFileName=Bai22_Retarget_Printf.ioc
RCC.APB2Freq_Value=8000000
ProjectManager.BackupPrevious=false
MxCube.Version=6.1.2
ProjectManager.KeepUserCode=true
PA10.Mode=Asynchronous
Mcu.UserName=STM32F103C8Tx
Mcu.PinsNb=4
ProjectManager.NoMain=false
File.Version=6
VP_SYS_VS_Systick.Mode=SysTick
VP_SYS_VS_ND.Signal=SYS_VS_ND
RCC.PLLCLKFreq_Value=8000000
NVIC.NonMaskableInt_IRQn=true\:0\:0\:false\:false\:true\:false\:false
NVIC.PendSV_IRQn=true\:0\:0\:false\:false\:true\:false\:false
ProjectManager.functionlistsort=1-MX_GPIO_Init-GPIO-false-HAL-true,2-SystemClock_Config-RCC-false-HAL-false,3-MX_USART1_UART_Init-USART1-false-HAL-true
ProjectManager.FreePins=false
RCC.IPParameters=APB1Freq_Value,APB2Freq_Value,FamilyName,PLLCLKFreq_Value,PLLMCOFreq_Value,TimSysFreq_Value
ProjectManager.DefaultFWLocation=true
ProjectManager.AskForMigrate=true
Mcu.Name=STM32F103C(8-B)Tx
ProjectManager.HalAssertFull=false
ProjectManager.DeletePrevious=true
ProjectManager.ProjectName=Bai22_Retarget_Printf
ProjectManager.UnderRoot=false
USART1.IPParameters=VirtualMode
VP_SYS_VS_ND.Mode=No_Debug
RCC.PLLMCOFreq_Value=4000000
ProjectManager.CoupleFile=false
PinOutPanel.RotationAngle=0
Mcu.Package=LQFP48
RCC.FamilyName=M
RCC.TimSysFreq_Value=8000000
ProjectManager.StackSize=0x400
NVIC.ForceEnableDMAVector=true
KeepUserPlacement=false
NVIC.MemoryManagement_IRQn=true\:0\:0\:false\:false\:true\:false\:false
USART1.VirtualMode=VM_ASYNC
ProjectManager.CompilerOptimize=6
NVIC.SVCall_IRQn=true\:0\:0\:false\:false\:true\:false\:false
Mcu.IP2=SYS
ProjectManager.ToolChainLocation=
Mcu.IP3=USART1
VP_SYS_VS_Systick.Signal=SYS_VS_Systick
Mcu.IP0=NVIC
PA9.Mode=Asynchronous
Mcu.IP1=RCC
PA10.Signal=USART1_RX
ProjectManager.HeapSize=0x200
NVIC.HardFault_IRQn=true\:0\:0\:false\:false\:true\:false\:false
Mcu.UserConstants=
ProjectManager.TargetToolchain=MDK-ARM V5
ProjectManager.ComputerToolchain=false
Mcu.ThirdPartyNb=0
NVIC.PriorityGroup=NVIC_PRIORITYGROUP_4
Mcu.IPNb=4
ProjectManager.PreviousToolchain=
PA9.Signal=USART1_TX
NVIC.BusFault_IRQn=true\:0\:0\:false\:false\:true\:false\:false
ProjectManager.RegisterCallBack=
RCC.APB1Freq_Value=8000000
Mcu.Pin0=PA9
Mcu.Pin1=PA10
GPIO.groupedBy=
Mcu.Pin2=VP_SYS_VS_ND
ProjectManager.CustomerFirmwarePackage=
Mcu.Pin3=VP_SYS_VS_Systick
ProjectManager.DeviceId=STM32F103C8Tx
ProjectManager.LibraryCopy=1
ProjectManager.ProjectBuild=false
NVIC.UsageFault_IRQn=true\:0\:0\:false\:false\:true\:false\:false
NVIC.DebugMonitor_IRQn=true\:0\:0\:false\:false\:true\:false\:false
board=custom
