#MicroXplorer Configuration settings - do not modify
Mcu.Family=STM32F1
Dma.SPI2_RX.0.Instance=DMA1_Channel4
ProjectManager.MainLocation=Src
PA6.Mode=Full_Duplex_Master
ProjectManager.ProjectFileName=Bai12_SPI_Echo.ioc
SPI2.VirtualNSS=VM_NSSHARD
Dma.SPI2_RX.0.RequestParameters=Instance,Direction,PeriphInc,MemInc,PeriphDataAlignment,MemDataAlignment,Mode,Priority
PA7.Mode=Full_Duplex_Master
ProjectManager.KeepUserCode=true
Mcu.UserName=STM32F103C8Tx
Mcu.PinsNb=11
SPI1.VirtualType=VM_MASTER
SPI2.VirtualType=VM_SLAVE
ProjectManager.NoMain=false
SPI1.IPParameters=VirtualType,Mode,Direction,CalculateBaudRate,BaudRatePrescaler
Dma.SPI2_RX.0.Mode=DMA_CIRCULAR
RCC.PLLCLKFreq_Value=8000000
ProjectManager.functionlistsort=1-MX_GPIO_Init-GPIO-false-HAL-true,2-MX_DMA_Init-DMA-false-HAL-true,3-SystemClock_Config-RCC-false-HAL-false,4-MX_SPI1_Init-SPI1-false-HAL-true,5-MX_SPI2_Init-SPI2-false-HAL-true
ProjectManager.DefaultFWLocation=true
ProjectManager.DeletePrevious=true
PB15.Signal=SPI2_MOSI
PB13.Signal=SPI2_SCK
PinOutPanel.RotationAngle=0
RCC.FamilyName=M
ProjectManager.StackSize=0x400
PA13.Signal=SYS_JTMS-SWDIO
Mcu.IP4=SPI2
Mcu.IP5=SYS
NVIC.SVCall_IRQn=true\:0\:0\:false\:false\:true\:false\:false
Mcu.IP2=RCC
Mcu.IP3=SPI1
Mcu.IP0=DMA
Mcu.IP1=NVIC
Dma.SPI2_RX.0.PeriphDataAlignment=DMA_PDATAALIGN_BYTE
PA4.PinState=GPIO_PIN_SET
Mcu.UserConstants=
ProjectManager.TargetToolchain=MDK-ARM V5
Mcu.ThirdPartyNb=0
SPI1.Direction=SPI_DIRECTION_2LINES
Mcu.IPNb=6
ProjectManager.PreviousToolchain=
SPI1.CalculateBaudRate=1000.0 KBits/s
SPI2.IPParameters=VirtualType,Mode,Direction,CalculateBaudRate,VirtualNSS,BaudRatePrescaler
Mcu.Pin6=PB14
Mcu.Pin7=PB15
Mcu.Pin8=PA13
Mcu.Pin9=PA14
SPI2.BaudRatePrescaler=SPI_BAUDRATEPRESCALER_8
Mcu.Pin0=PA4
Mcu.Pin1=PA5
GPIO.groupedBy=Group By Peripherals
Mcu.Pin2=PA6
Mcu.Pin3=PA7
Mcu.Pin4=PB12
Mcu.Pin5=PB13
PB14.Signal=SPI2_MISO
PA5.Signal=SPI1_SCK
ProjectManager.ProjectBuild=false
NVIC.UsageFault_IRQn=true\:0\:0\:false\:false\:true\:false\:false
NVIC.DebugMonitor_IRQn=true\:0\:0\:false\:false\:true\:false\:false
board=custom
PA4.Locked=true
NVIC.SysTick_IRQn=true\:0\:0\:false\:false\:true\:false\:true
ProjectManager.LastFirmware=true
PB15.Mode=Full_Duplex_Slave
NVIC.SPI1_IRQn=true\:0\:0\:false\:false\:true\:true\:true
ProjectManager.FirmwarePackage=STM32Cube FW_F1 V1.8.0
MxDb.Version=DB.5.0.60
RCC.APB2Freq_Value=8000000
ProjectManager.BackupPrevious=false
MxCube.Version=5.6.1
SPI1.Mode=SPI_MODE_MASTER
PA14.Mode=Serial_Wire
PB14.Mode=Full_Duplex_Slave
File.Version=6
VP_SYS_VS_Systick.Mode=SysTick
SPI2.CalculateBaudRate=1000.0 KBits/s
Dma.SPI2_RX.0.MemDataAlignment=DMA_MDATAALIGN_BYTE
NVIC.NonMaskableInt_IRQn=true\:0\:0\:false\:false\:true\:false\:false
NVIC.SPI2_IRQn=true\:0\:0\:false\:false\:true\:true\:true
PA4.GPIOParameters=PinState,GPIO_Label
NVIC.PendSV_IRQn=true\:0\:0\:false\:false\:true\:false\:false
PA13.Mode=Serial_Wire
Dma.SPI2_RX.0.Priority=DMA_PRIORITY_LOW
ProjectManager.FreePins=false
RCC.IPParameters=APB1Freq_Value,APB2Freq_Value,FamilyName,PLLCLKFreq_Value,PLLMCOFreq_Value,TimSysFreq_Value
ProjectManager.AskForMigrate=true
Mcu.Name=STM32F103C(8-B)Tx
Dma.RequestsNb=1
ProjectManager.HalAssertFull=false
Dma.SPI2_RX.0.MemInc=DMA_MINC_ENABLE
ProjectManager.ProjectName=Bai12_SPI_Echo
ProjectManager.UnderRoot=false
RCC.PLLMCOFreq_Value=4000000
ProjectManager.CoupleFile=false
PA4.Signal=GPIO_Output
Mcu.Package=LQFP48
PA6.Signal=SPI1_MISO
RCC.TimSysFreq_Value=8000000
PB12.Mode=NSS_Signal_Hard_Input
SPI2.Mode=SPI_MODE_SLAVE
NVIC.ForceEnableDMAVector=true
KeepUserPlacement=false
Dma.SPI2_RX.0.PeriphInc=DMA_PINC_DISABLE
NVIC.MemoryManagement_IRQn=true\:0\:0\:false\:false\:true\:false\:false
ProjectManager.CompilerOptimize=6
ProjectManager.ToolChainLocation=
VP_SYS_VS_Systick.Signal=SYS_VS_Systick
PA14.Signal=SYS_JTCK-SWCLK
ProjectManager.HeapSize=0x200
NVIC.HardFault_IRQn=true\:0\:0\:false\:false\:true\:false\:false
ProjectManager.ComputerToolchain=false
NVIC.PriorityGroup=NVIC_PRIORITYGROUP_4
Mcu.Pin10=VP_SYS_VS_Systick
NVIC.BusFault_IRQn=true\:0\:0\:false\:false\:true\:false\:false
SPI2.Direction=SPI_DIRECTION_2LINES
Dma.SPI2_RX.0.Direction=DMA_PERIPH_TO_MEMORY
PB13.Mode=Full_Duplex_Slave
NVIC.DMA1_Channel4_IRQn=true\:0\:0\:false\:false\:true\:false\:true
Dma.Request0=SPI2_RX
RCC.APB1Freq_Value=8000000
SPI1.BaudRatePrescaler=SPI_BAUDRATEPRESCALER_8
PA4.GPIO_Label=CS
ProjectManager.CustomerFirmwarePackage=
ProjectManager.DeviceId=STM32F103C8Tx
PB12.Signal=SPI2_NSS
ProjectManager.LibraryCopy=0
PA5.Mode=Full_Duplex_Master
PA7.Signal=SPI1_MOSI
