#MicroXplorer Configuration settings - do not modify
Mcu.Family=STM32F1
SH.GPXTI1.0=GPIO_EXTI1
ProjectManager.MainLocation=Src
ProjectManager.ProjectFileName=EXTI.ioc
ProjectManager.KeepUserCode=true
Mcu.UserName=STM32F103C8Tx
Mcu.PinsNb=6
ProjectManager.NoMain=false
RCC.PLLCLKFreq_Value=8000000
PC13-TAMPER-RTC.GPIOParameters=GPIO_Label
ProjectManager.functionlistsort=1-MX_GPIO_Init-GPIO-false-HAL-true,2-SystemClock_Config-RCC-false-HAL-false
NVIC.EXTI3_IRQn=true\:0\:0\:false\:false\:true\:true\:true
PC13-TAMPER-RTC.Signal=GPIO_Output
SH.GPXTI0.ConfNb=1
ProjectManager.DefaultFWLocation=true
ProjectManager.DeletePrevious=true
VP_SYS_VS_ND.Mode=No_Debug
PinOutPanel.RotationAngle=0
PA0-WKUP.GPIO_ModeDefaultEXTI=GPIO_MODE_IT_RISING
RCC.FamilyName=M
ProjectManager.StackSize=0x400
PA0-WKUP.Signal=GPXTI0
PA0-WKUP.Locked=true
Mcu.IP2=SYS
NVIC.SVCall_IRQn=true\:0\:0\:false\:false\:true\:false\:false
Mcu.IP0=NVIC
NVIC.EXTI1_IRQn=true\:0\:0\:false\:false\:true\:true\:true
Mcu.IP1=RCC
SH.GPXTI3.ConfNb=1
Mcu.UserConstants=
ProjectManager.TargetToolchain=MDK-ARM V5
Mcu.ThirdPartyNb=0
Mcu.IPNb=3
ProjectManager.PreviousToolchain=
PC13-TAMPER-RTC.Locked=true
PA1.GPIO_PuPd=GPIO_PULLUP
PA1.Signal=GPXTI1
Mcu.Pin0=PC13-TAMPER-RTC
Mcu.Pin1=PA0-WKUP
GPIO.groupedBy=
Mcu.Pin2=PA1
Mcu.Pin3=PB3
PA0-WKUP.GPIOParameters=GPIO_PuPd,GPIO_ModeDefaultEXTI
Mcu.Pin4=VP_SYS_VS_ND
Mcu.Pin5=VP_SYS_VS_Systick
ProjectManager.ProjectBuild=false
NVIC.UsageFault_IRQn=true\:0\:0\:false\:false\:true\:false\:false
NVIC.DebugMonitor_IRQn=true\:0\:0\:false\:false\:true\:false\:false
board=custom
SH.GPXTI3.0=GPIO_EXTI3
NVIC.SysTick_IRQn=true\:0\:0\:false\:false\:true\:false\:true
ProjectManager.LastFirmware=true
PC13-TAMPER-RTC.GPIO_Label=LED
ProjectManager.FirmwarePackage=STM32Cube FW_F1 V1.8.0
MxDb.Version=DB.5.0.60
RCC.APB2Freq_Value=8000000
PB3.GPIO_PuPd=GPIO_PULLUP
PA1.GPIOParameters=GPIO_PuPd
ProjectManager.BackupPrevious=false
MxCube.Version=5.6.1
File.Version=6
VP_SYS_VS_Systick.Mode=SysTick
VP_SYS_VS_ND.Signal=SYS_VS_ND
PB3.GPIOParameters=GPIO_PuPd
NVIC.NonMaskableInt_IRQn=true\:0\:0\:false\:false\:true\:false\:false
NVIC.PendSV_IRQn=true\:0\:0\:false\:false\:true\:false\:false
ProjectManager.FreePins=false
RCC.IPParameters=APB1Freq_Value,APB2Freq_Value,FamilyName,PLLCLKFreq_Value,PLLMCOFreq_Value,TimSysFreq_Value
ProjectManager.AskForMigrate=true
Mcu.Name=STM32F103C(8-B)Tx
ProjectManager.HalAssertFull=false
ProjectManager.ProjectName=EXTI
ProjectManager.UnderRoot=false
RCC.PLLMCOFreq_Value=4000000
ProjectManager.CoupleFile=false
PB3.Signal=GPXTI3
NVIC.EXTI0_IRQn=true\:0\:0\:false\:false\:true\:true\:true
Mcu.Package=LQFP48
RCC.TimSysFreq_Value=8000000
PA1.Locked=true
NVIC.ForceEnableDMAVector=true
KeepUserPlacement=false
NVIC.MemoryManagement_IRQn=true\:0\:0\:false\:false\:true\:false\:false
ProjectManager.CompilerOptimize=6
ProjectManager.ToolChainLocation=
VP_SYS_VS_Systick.Signal=SYS_VS_Systick
SH.GPXTI0.0=GPIO_EXTI0
ProjectManager.HeapSize=0x200
NVIC.HardFault_IRQn=true\:0\:0\:false\:false\:true\:false\:false
ProjectManager.ComputerToolchain=false
NVIC.PriorityGroup=NVIC_PRIORITYGROUP_4
PA0-WKUP.GPIO_PuPd=GPIO_PULLUP
NVIC.BusFault_IRQn=true\:0\:0\:false\:false\:true\:false\:false
SH.GPXTI1.ConfNb=1
RCC.APB1Freq_Value=8000000
ProjectManager.CustomerFirmwarePackage=
ProjectManager.DeviceId=STM32F103C8Tx
ProjectManager.LibraryCopy=0
PB3.Locked=true
